// !$*UTF8*$!
{
	archiveVersion = 1;
	classes = {
	};
	objectVersion = 46;
	objects = {

/* Begin PBXBuildFile section */
		827C65F51C06101600834F67 /* AppDelegate.swift in Sources */ = {isa = PBXBuildFile; fileRef = 827C65F41C06101600834F67 /* AppDelegate.swift */; };
		827C65F71C06101600834F67 /* ViewController.swift in Sources */ = {isa = PBXBuildFile; fileRef = 827C65F61C06101600834F67 /* ViewController.swift */; };
		827C65FA1C06101600834F67 /* Main.storyboard in Resources */ = {isa = PBXBuildFile; fileRef = 827C65F81C06101600834F67 /* Main.storyboard */; };
		827C65FC1C06101600834F67 /* Assets.xcassets in Resources */ = {isa = PBXBuildFile; fileRef = 827C65FB1C06101600834F67 /* Assets.xcassets */; };
		827C65FF1C06101600834F67 /* LaunchScreen.storyboard in Resources */ = {isa = PBXBuildFile; fileRef = 827C65FD1C06101600834F67 /* LaunchScreen.storyboard */; };
		827C660A1C06101700834F67 /* WatchTests.swift in Sources */ = {isa = PBXBuildFile; fileRef = 827C66091C06101700834F67 /* WatchTests.swift */; };
		827C66151C06101700834F67 /* WatchUITests.swift in Sources */ = {isa = PBXBuildFile; fileRef = 827C66141C06101700834F67 /* WatchUITests.swift */; };
/* End PBXBuildFile section */

/* Begin PBXContainerItemProxy section */
		827C66061C06101700834F67 /* PBXContainerItemProxy */ = {
			isa = PBXContainerItemProxy;
			containerPortal = 827C65E91C06101600834F67 /* Project object */;
			proxyType = 1;
			remoteGlobalIDString = 827C65F01C06101600834F67;
			remoteInfo = Watch;
		};
		827C66111C06101700834F67 /* PBXContainerItemProxy */ = {
			isa = PBXContainerItemProxy;
			containerPortal = 827C65E91C06101600834F67 /* Project object */;
			proxyType = 1;
			remoteGlobalIDString = 827C65F01C06101600834F67;
			remoteInfo = Watch;
		};
/* End PBXContainerItemProxy section */

/* Begin PBXFileReference section */
		827C65F11C06101600834F67 /* Watch.app */ = {isa = PBXFileReference; explicitFileType = wrapper.application; includeInIndex = 0; path = Watch.app; sourceTree = BUILT_PRODUCTS_DIR; };
		827C65F41C06101600834F67 /* AppDelegate.swift */ = {isa = PBXFileReference; lastKnownFileType = sourcecode.swift; path = AppDelegate.swift; sourceTree = "<group>"; };
		827C65F61C06101600834F67 /* ViewController.swift */ = {isa = PBXFileReference; lastKnownFileType = sourcecode.swift; path = ViewController.swift; sourceTree = "<group>"; };
		827C65F91C06101600834F67 /* Base */ = {isa = PBXFileReference; lastKnownFileType = file.storyboard; name = Base; path = Base.lproj/Main.storyboard; sourceTree = "<group>"; };
		827C65FB1C06101600834F67 /* Assets.xcassets */ = {isa = PBXFileReference; lastKnownFileType = folder.assetcatalog; path = Assets.xcassets; sourceTree = "<group>"; };
		827C65FE1C06101600834F67 /* Base */ = {isa = PBXFileReference; lastKnownFileType = file.storyboard; name = Base; path = Base.lproj/LaunchScreen.storyboard; sourceTree = "<group>"; };
		827C66001C06101600834F67 /* Info.plist */ = {isa = PBXFileReference; lastKnownFileType = text.plist.xml; path = Info.plist; sourceTree = "<group>"; };
		827C66051C06101700834F67 /* WatchTests.xctest */ = {isa = PBXFileReference; explicitFileType = wrapper.cfbundle; includeInIndex = 0; path = WatchTests.xctest; sourceTree = BUILT_PRODUCTS_DIR; };
		827C66091C06101700834F67 /* WatchTests.swift */ = {isa = PBXFileReference; lastKnownFileType = sourcecode.swift; path = WatchTests.swift; sourceTree = "<group>"; };
		827C660B1C06101700834F67 /* Info.plist */ = {isa = PBXFileReference; lastKnownFileType = text.plist.xml; path = Info.plist; sourceTree = "<group>"; };
		827C66101C06101700834F67 /* WatchUITests.xctest */ = {isa = PBXFileReference; explicitFileType = wrapper.cfbundle; includeInIndex = 0; path = WatchUITests.xctest; sourceTree = BUILT_PRODUCTS_DIR; };
		827C66141C06101700834F67 /* WatchUITests.swift */ = {isa = PBXFileReference; lastKnownFileType = sourcecode.swift; path = WatchUITests.swift; sourceTree = "<group>"; };
		827C66161C06101700834F67 /* Info.plist */ = {isa = PBXFileReference; lastKnownFileType = text.plist.xml; path = Info.plist; sourceTree = "<group>"; };
/* End PBXFileReference section */

/* Begin PBXFrameworksBuildPhase section */
		827C65EE1C06101600834F67 /* Frameworks */ = {
			isa = PBXFrameworksBuildPhase;
			buildActionMask = 2147483647;
			files = (
			);
			runOnlyForDeploymentPostprocessing = 0;
		};
		827C66021C06101700834F67 /* Frameworks */ = {
			isa = PBXFrameworksBuildPhase;
			buildActionMask = 2147483647;
			files = (
			);
			runOnlyForDeploymentPostprocessing = 0;
		};
		827C660D1C06101700834F67 /* Frameworks */ = {
			isa = PBXFrameworksBuildPhase;
			buildActionMask = 2147483647;
			files = (
			);
			runOnlyForDeploymentPostprocessing = 0;
		};
/* End PBXFrameworksBuildPhase section */

/* Begin PBXGroup section */
		827C65E81C06101600834F67 = {
			isa = PBXGroup;
			children = (
				827C65F31C06101600834F67 /* Watch */,
				827C66081C06101700834F67 /* WatchTests */,
				827C66131C06101700834F67 /* WatchUITests */,
				827C65F21C06101600834F67 /* Products */,
			);
			sourceTree = "<group>";
		};
		827C65F21C06101600834F67 /* Products */ = {
			isa = PBXGroup;
			children = (
				827C65F11C06101600834F67 /* Watch.app */,
				827C66051C06101700834F67 /* WatchTests.xctest */,
				827C66101C06101700834F67 /* WatchUITests.xctest */,
			);
			name = Products;
			sourceTree = "<group>";
		};
		827C65F31C06101600834F67 /* Watch */ = {
			isa = PBXGroup;
			children = (
				827C65F41C06101600834F67 /* AppDelegate.swift */,
				827C65F61C06101600834F67 /* ViewController.swift */,
				827C65F81C06101600834F67 /* Main.storyboard */,
				827C65FB1C06101600834F67 /* Assets.xcassets */,
				827C65FD1C06101600834F67 /* LaunchScreen.storyboard */,
				827C66001C06101600834F67 /* Info.plist */,
			);
			path = Watch;
			sourceTree = "<group>";
		};
		827C66081C06101700834F67 /* WatchTests */ = {
			isa = PBXGroup;
			children = (
				827C66091C06101700834F67 /* WatchTests.swift */,
				827C660B1C06101700834F67 /* Info.plist */,
			);
			path = WatchTests;
			sourceTree = "<group>";
		};
		827C66131C06101700834F67 /* WatchUITests */ = {
			isa = PBXGroup;
			children = (
				827C66141C06101700834F67 /* WatchUITests.swift */,
				827C66161C06101700834F67 /* Info.plist */,
			);
			path = WatchUITests;
			sourceTree = "<group>";
		};
/* End PBXGroup section */

/* Begin PBXNativeTarget section */
		827C65F01C06101600834F67 /* Watch */ = {
			isa = PBXNativeTarget;
			buildConfigurationList = 827C66191C06101700834F67 /* Build configuration list for PBXNativeTarget "Watch" */;
			buildPhases = (
				827C65ED1C06101600834F67 /* Sources */,
				827C65EE1C06101600834F67 /* Frameworks */,
				827C65EF1C06101600834F67 /* Resources */,
			);
			buildRules = (
			);
			dependencies = (
			);
			name = Watch;
			productName = Watch;
			productReference = 827C65F11C06101600834F67 /* Watch.app */;
			productType = "com.apple.product-type.application";
		};
		827C66041C06101700834F67 /* WatchTests */ = {
			isa = PBXNativeTarget;
			buildConfigurationList = 827C661C1C06101700834F67 /* Build configuration list for PBXNativeTarget "WatchTests" */;
			buildPhases = (
				827C66011C06101700834F67 /* Sources */,
				827C66021C06101700834F67 /* Frameworks */,
				827C66031C06101700834F67 /* Resources */,
			);
			buildRules = (
			);
			dependencies = (
				827C66071C06101700834F67 /* PBXTargetDependency */,
			);
			name = WatchTests;
			productName = WatchTests;
			productReference = 827C66051C06101700834F67 /* WatchTests.xctest */;
			productType = "com.apple.product-type.bundle.unit-test";
		};
		827C660F1C06101700834F67 /* WatchUITests */ = {
			isa = PBXNativeTarget;
			buildConfigurationList = 827C661F1C06101700834F67 /* Build configuration list for PBXNativeTarget "WatchUITests" */;
			buildPhases = (
				827C660C1C06101700834F67 /* Sources */,
				827C660D1C06101700834F67 /* Frameworks */,
				827C660E1C06101700834F67 /* Resources */,
			);
			buildRules = (
			);
			dependencies = (
				827C66121C06101700834F67 /* PBXTargetDependency */,
			);
			name = WatchUITests;
			productName = WatchUITests;
			productReference = 827C66101C06101700834F67 /* WatchUITests.xctest */;
			productType = "com.apple.product-type.bundle.ui-testing";
		};
/* End PBXNativeTarget section */

/* Begin PBXProject section */
		827C65E91C06101600834F67 /* Project object */ = {
			isa = PBXProject;
			attributes = {
				LastSwiftUpdateCheck = 0710;
				LastUpgradeCheck = 0710;
				ORGANIZATIONNAME = ASAAMSOFT;
				TargetAttributes = {
					827C65F01C06101600834F67 = {
						CreatedOnToolsVersion = 7.1.1;
						DevelopmentTeam = 4XCX97B72T;
					};
					827C66041C06101700834F67 = {
						CreatedOnToolsVersion = 7.1.1;
						DevelopmentTeam = 4XCX97B72T;
						TestTargetID = 827C65F01C06101600834F67;
					};
					827C660F1C06101700834F67 = {
						CreatedOnToolsVersion = 7.1.1;
						DevelopmentTeam = 4XCX97B72T;
						TestTargetID = 827C65F01C06101600834F67;
					};
				};
			};
			buildConfigurationList = 827C65EC1C06101600834F67 /* Build configuration list for PBXProject "Watch" */;
			compatibilityVersion = "Xcode 3.2";
			developmentRegion = English;
			hasScannedForEncodings = 0;
			knownRegions = (
				en,
				Base,
			);
			mainGroup = 827C65E81C06101600834F67;
			productRefGroup = 827C65F21C06101600834F67 /* Products */;
			projectDirPath = "";
			projectRoot = "";
			targets = (
				827C65F01C06101600834F67 /* Watch */,
				827C66041C06101700834F67 /* WatchTests */,
				827C660F1C06101700834F67 /* WatchUITests */,
			);
		};
/* End PBXProject section */

/* Begin PBXResourcesBuildPhase section */
		827C65EF1C06101600834F67 /* Resources */ = {
			isa = PBXResourcesBuildPhase;
			buildActionMask = 2147483647;
			files = (
				827C65FF1C06101600834F67 /* LaunchScreen.storyboard in Resources */,
				827C65FC1C06101600834F67 /* Assets.xcassets in Resources */,
				827C65FA1C06101600834F67 /* Main.storyboard in Resources */,
			);
			runOnlyForDeploymentPostprocessing = 0;
		};
		827C66031C06101700834F67 /* Resources */ = {
			isa = PBXResourcesBuildPhase;
			buildActionMask = 2147483647;
			files = (
			);
			runOnlyForDeploymentPostprocessing = 0;
		};
		827C660E1C06101700834F67 /* Resources */ = {
			isa = PBXResourcesBuildPhase;
			buildActionMask = 2147483647;
			files = (
			);
			runOnlyForDeploymentPostprocessing = 0;
		};
/* End PBXResourcesBuildPhase section */

/* Begin PBXSourcesBuildPhase section */
		827C65ED1C06101600834F67 /* Sources */ = {
			isa = PBXSourcesBuildPhase;
			buildActionMask = 2147483647;
			files = (
				827C65F71C06101600834F67 /* ViewController.swift in Sources */,
				827C65F51C06101600834F67 /* AppDelegate.swift in Sources */,
			);
			runOnlyForDeploymentPostprocessing = 0;
		};
		827C66011C06101700834F67 /* Sources */ = {
			isa = PBXSourcesBuildPhase;
			buildActionMask = 2147483647;
			files = (
				827C660A1C06101700834F67 /* WatchTests.swift in Sources */,
			);
			runOnlyForDeploymentPostprocessing = 0;
		};
		827C660C1C06101700834F67 /* Sources */ = {
			isa = PBXSourcesBuildPhase;
			buildActionMask = 2147483647;
			files = (
				827C66151C06101700834F67 /* WatchUITests.swift in Sources */,
			);
			runOnlyForDeploymentPostprocessing = 0;
		};
/* End PBXSourcesBuildPhase section */

/* Begin PBXTargetDependency section */
		827C66071C06101700834F67 /* PBXTargetDependency */ = {
			isa = PBXTargetDependency;
			target = 827C65F01C06101600834F67 /* Watch */;
			targetProxy = 827C66061C06101700834F67 /* PBXContainerItemProxy */;
		};
		827C66121C06101700834F67 /* PBXTargetDependency */ = {
			isa = PBXTargetDependency;
			target = 827C65F01C06101600834F67 /* Watch */;
			targetProxy = 827C66111C06101700834F67 /* PBXContainerItemProxy */;
		};
/* End PBXTargetDependency section */

/* Begin PBXVariantGroup section */
		827C65F81C06101600834F67 /* Main.storyboard */ = {
			isa = PBXVariantGroup;
			children = (
				827C65F91C06101600834F67 /* Base */,
			);
			name = Main.storyboard;
			sourceTree = "<group>";
		};
		827C65FD1C06101600834F67 /* LaunchScreen.storyboard */ = {
			isa = PBXVariantGroup;
			children = (
				827C65FE1C06101600834F67 /* Base */,
			);
			name = LaunchScreen.storyboard;
			sourceTree = "<group>";
		};
/* End PBXVariantGroup section */

/* Begin XCBuildConfiguration section */
		827C66171C06101700834F67 /* Debug */ = {
			isa = XCBuildConfiguration;
			buildSettings = {
				ALWAYS_SEARCH_USER_PATHS = NO;
				CLANG_CXX_LANGUAGE_STANDARD = "gnu++0x";
				CLANG_CXX_LIBRARY = "libc++";
				CLANG_ENABLE_MODULES = YES;
				CLANG_ENABLE_OBJC_ARC = YES;
				CLANG_WARN_BOOL_CONVERSION = YES;
				CLANG_WARN_CONSTANT_CONVERSION = YES;
				CLANG_WARN_DIRECT_OBJC_ISA_USAGE = YES_ERROR;
				CLANG_WARN_EMPTY_BODY = YES;
				CLANG_WARN_ENUM_CONVERSION = YES;
				CLANG_WARN_INT_CONVERSION = YES;
				CLANG_WARN_OBJC_ROOT_CLASS = YES_ERROR;
				CLANG_WARN_UNREACHABLE_CODE = YES;
				CLANG_WARN__DUPLICATE_METHOD_MATCH = YES;
				"CODE_SIGN_IDENTITY[sdk=iphoneos*]" = "iPhone Developer";
				COPY_PHASE_STRIP = NO;
				DEBUG_INFORMATION_FORMAT = dwarf;
				ENABLE_STRICT_OBJC_MSGSEND = YES;
				ENABLE_TESTABILITY = YES;
				GCC_C_LANGUAGE_STANDARD = gnu99;
				GCC_DYNAMIC_NO_PIC = NO;
				GCC_NO_COMMON_BLOCKS = YES;
				GCC_OPTIMIZATION_LEVEL = 0;
				GCC_PREPROCESSOR_DEFINITIONS = (
					"DEBUG=1",
					"$(inherited)",
				);
				GCC_WARN_64_TO_32_BIT_CONVERSION = YES;
				GCC_WARN_ABOUT_RETURN_TYPE = YES_ERROR;
				GCC_WARN_UNDECLARED_SELECTOR = YES;
				GCC_WARN_UNINITIALIZED_AUTOS = YES_AGGRESSIVE;
				GCC_WARN_UNUSED_FUNCTION = YES;
				GCC_WARN_UNUSED_VARIABLE = YES;
				IPHONEOS_DEPLOYMENT_TARGET = 9.1;
				MTL_ENABLE_DEBUG_INFO = YES;
				ONLY_ACTIVE_ARCH = YES;
				SDKROOT = iphoneos;
				SWIFT_OPTIMIZATION_LEVEL = "-Onone";
			};
			name = Debug;
		};
		827C66181C06101700834F67 /* Release */ = {
			isa = XCBuildConfiguration;
			buildSettings = {
				ALWAYS_SEARCH_USER_PATHS = NO;
				CLANG_CXX_LANGUAGE_STANDARD = "gnu++0x";
				CLANG_CXX_LIBRARY = "libc++";
				CLANG_ENABLE_MODULES = YES;
				CLANG_ENABLE_OBJC_ARC = YES;
				CLANG_WARN_BOOL_CONVERSION = YES;
				CLANG_WARN_CONSTANT_CONVERSION = YES;
				CLANG_WARN_DIRECT_OBJC_ISA_USAGE = YES_ERROR;
				CLANG_WARN_EMPTY_BODY = YES;
				CLANG_WARN_ENUM_CONVERSION = YES;
				CLANG_WARN_INT_CONVERSION = YES;
				CLANG_WARN_OBJC_ROOT_CLASS = YES_ERROR;
				CLANG_WARN_UNREACHABLE_CODE = YES;
				CLANG_WARN__DUPLICATE_METHOD_MATCH = YES;
				"CODE_SIGN_IDENTITY[sdk=iphoneos*]" = "iPhone Developer";
				COPY_PHASE_STRIP = NO;
				DEBUG_INFORMATION_FORMAT = "dwarf-with-dsym";
				ENABLE_NS_ASSERTIONS = NO;
				ENABLE_STRICT_OBJC_MSGSEND = YES;
				GCC_C_LANGUAGE_STANDARD = gnu99;
				GCC_NO_COMMON_BLOCKS = YES;
				GCC_WARN_64_TO_32_BIT_CONVERSION = YES;
				GCC_WARN_ABOUT_RETURN_TYPE = YES_ERROR;
				GCC_WARN_UNDECLARED_SELECTOR = YES;
				GCC_WARN_UNINITIALIZED_AUTOS = YES_AGGRESSIVE;
				GCC_WARN_UNUSED_FUNCTION = YES;
				GCC_WARN_UNUSED_VARIABLE = YES;
				IPHONEOS_DEPLOYMENT_TARGET = 9.1;
				MTL_ENABLE_DEBUG_INFO = NO;
				SDKROOT = iphoneos;
				VALIDATE_PRODUCT = YES;
			};
			name = Release;
		};
		827C661A1C06101700834F67 /* Debug */ = {
			isa = XCBuildConfiguration;
			buildSettings = {
				ASSETCATALOG_COMPILER_APPICON_NAME = AppIcon;
				INFOPLIST_FILE = Watch/Info.plist;
				LD_RUNPATH_SEARCH_PATHS = "$(inherited) @executable_path/Frameworks";
				PRODUCT_BUNDLE_IDENTIFIER = com.asaamsoft.Watch;
				PRODUCT_NAME = "$(TARGET_NAME)";
			};
			name = Debug;
		};
		827C661B1C06101700834F67 /* Release */ = {
			isa = XCBuildConfiguration;
			buildSettings = {
				ASSETCATALOG_COMPILER_APPICON_NAME = AppIcon;
				INFOPLIST_FILE = Watch/Info.plist;
				LD_RUNPATH_SEARCH_PATHS = "$(inherited) @executable_path/Frameworks";
				PRODUCT_BUNDLE_IDENTIFIER = com.asaamsoft.Watch;
				PRODUCT_NAME = "$(TARGET_NAME)";
			};
			name = Release;
		};
		827C661D1C06101700834F67 /* Debug */ = {
			isa = XCBuildConfiguration;
			buildSettings = {
				BUNDLE_LOADER = "$(TEST_HOST)";
				INFOPLIST_FILE = WatchTests/Info.plist;
				LD_RUNPATH_SEARCH_PATHS = "$(inherited) @executable_path/Frameworks @loader_path/Frameworks";
				PRODUCT_BUNDLE_IDENTIFIER = com.asaamsoft.WatchTests;
				PRODUCT_NAME = "$(TARGET_NAME)";
				TEST_HOST = "$(BUILT_PRODUCTS_DIR)/Watch.app/Watch";
			};
			name = Debug;
		};
		827C661E1C06101700834F67 /* Release */ = {
			isa = XCBuildConfiguration;
			buildSettings = {
				BUNDLE_LOADER = "$(TEST_HOST)";
				INFOPLIST_FILE = WatchTests/Info.plist;
				LD_RUNPATH_SEARCH_PATHS = "$(inherited) @executable_path/Frameworks @loader_path/Frameworks";
				PRODUCT_BUNDLE_IDENTIFIER = com.asaamsoft.WatchTests;
				PRODUCT_NAME = "$(TARGET_NAME)";
				TEST_HOST = "$(BUILT_PRODUCTS_DIR)/Watch.app/Watch";
			};
			name = Release;
		};
		827C66201C06101700834F67 /* Debug */ = {
			isa = XCBuildConfiguration;
			buildSettings = {
				INFOPLIST_FILE = WatchUITests/Info.plist;
				LD_RUNPATH_SEARCH_PATHS = "$(inherited) @executable_path/Frameworks @loader_path/Frameworks";
				PRODUCT_BUNDLE_IDENTIFIER = com.asaamsoft.WatchUITests;
				PRODUCT_NAME = "$(TARGET_NAME)";
				TEST_TARGET_NAME = Watch;
				USES_XCTRUNNER = YES;
			};
			name = Debug;
		};
		827C66211C06101700834F67 /* Release */ = {
			isa = XCBuildConfiguration;
			buildSettings = {
				INFOPLIST_FILE = WatchUITests/Info.plist;
				LD_RUNPATH_SEARCH_PATHS = "$(inherited) @executable_path/Frameworks @loader_path/Frameworks";
				PRODUCT_BUNDLE_IDENTIFIER = com.asaamsoft.WatchUITests;
				PRODUCT_NAME = "$(TARGET_NAME)";
				TEST_TARGET_NAME = Watch;
				USES_XCTRUNNER = YES;
			};
			name = Release;
		};
/* End XCBuildConfiguration section */

/* Begin XCConfigurationList section */
		827C65EC1C06101600834F67 /* Build configuration list for PBXProject "Watch" */ = {
			isa = XCConfigurationList;
			buildConfigurations = (
				827C66171C06101700834F67 /* Debug */,
				827C66181C06101700834F67 /* Release */,
			);
			defaultConfigurationIsVisible = 0;
			defaultConfigurationName = Release;
		};
		827C66191C06101700834F67 /* Build configuration list for PBXNativeTarget "Watch" */ = {
			isa = XCConfigurationList;
			buildConfigurations = (
				827C661A1C06101700834F67 /* Debug */,
				827C661B1C06101700834F67 /* Release */,
			);
			defaultConfigurationIsVisible = 0;
		};
		827C661C1C06101700834F67 /* Build configuration list for PBXNativeTarget "WatchTests" */ = {
			isa = XCConfigurationList;
			buildConfigurations = (
				827C661D1C06101700834F67 /* Debug */,
				827C661E1C06101700834F67 /* Release */,
			);
			defaultConfigurationIsVisible = 0;
		};
		827C661F1C06101700834F67 /* Build configuration list for PBXNativeTarget "WatchUITests" */ = {
			isa = XCConfigurationList;
			buildConfigurations = (
				827C66201C06101700834F67 /* Debug */,
				827C66211C06101700834F67 /* Release */,
			);
			defaultConfigurationIsVisible = 0;
		};
/* End XCConfigurationList section */
	};
	rootObject = 827C65E91C06101600834F67 /* Project object */;
}
